
Microsoft Visual Studio Solution File, Format Version 12.00
# Visual Studio 15
VisualStudioVersion = 15.0.26730.15
MinimumVisualStudioVersion = 10.0.40219.1
Project("{FAE04EC0-301F-11D3-BF4B-00C04F79EFBC}") = "TutorialMVC", "TutorialMVC\TutorialMVC.csproj", "{05867769-6DF4-453D-927E-40E6F6EE9E1D}"
EndProject
Global
	GlobalSection(SolutionConfigurationPlatforms) = preSolution
		Debug|Any CPU = Debug|Any CPU
		Release|Any CPU = Release|Any CPU
	EndGlobalSection
	GlobalSection(ProjectConfigurationPlatforms) = postSolution
		{05867769-6DF4-453D-927E-40E6F6EE9E1D}.Debug|Any CPU.ActiveCfg = Debug|Any CPU
		{05867769-6DF4-453D-927E-40E6F6EE9E1D}.Debug|Any CPU.Build.0 = Debug|Any CPU
		{05867769-6DF4-453D-927E-40E6F6EE9E1D}.Release|Any CPU.ActiveCfg = Release|Any CPU
		{05867769-6DF4-453D-927E-40E6F6EE9E1D}.Release|Any CPU.Build.0 = Release|Any CPU
	EndGlobalSection
	GlobalSection(SolutionProperties) = preSolution
		HideSolutionNode = FALSE
	EndGlobalSection
	GlobalSection(ExtensibilityGlobals) = postSolution
		SolutionGuid = {F3D0EE18-A878-483F-AC8F-670F84C12CA1}
	EndGlobalSection
EndGlobal
